
Microsoft Visual Studio Solution File, Format Version 12.00
# Visual Studio Version 17
VisualStudioVersion = 17.0.31903.59
MinimumVisualStudioVersion = 10.0.40219.1
Project("{FAE04EC0-301F-11D3-BF4B-00C04F79EFBC}") = "Api", "Api\Api.csproj", "{B04308AB-2B17-4774-9B32-35C4AFF39393}"
EndProject
Project("{FAE04EC0-301F-11D3-BF4B-00C04F79EFBC}") = "Domain", "Domain\Domain.csproj", "{2DFD2363-6ED0-4C5A-8414-DE90217381F1}"
EndProject
Project("{FAE04EC0-301F-11D3-BF4B-00C04F79EFBC}") = "Application", "Application\Application.csproj", "{828C91C0-245E-486A-831A-B86594BA9860}"
EndProject
Project("{FAE04EC0-301F-11D3-BF4B-00C04F79EFBC}") = "Infrastructure", "Infrastructure\Infrastructure.csproj", "{1740B6EE-B435-4B27-A171-B9DFC76D56E7}"
EndProject
Global
	GlobalSection(SolutionConfigurationPlatforms) = preSolution
		Debug|Any CPU = Debug|Any CPU
		Debug|x64 = Debug|x64
		Debug|x86 = Debug|x86
		Release|Any CPU = Release|Any CPU
		Release|x64 = Release|x64
		Release|x86 = Release|x86
	EndGlobalSection
	GlobalSection(ProjectConfigurationPlatforms) = postSolution
		{B04308AB-2B17-4774-9B32-35C4AFF39393}.Debug|Any CPU.ActiveCfg = Debug|Any CPU
		{B04308AB-2B17-4774-9B32-35C4AFF39393}.Debug|Any CPU.Build.0 = Debug|Any CPU
		{B04308AB-2B17-4774-9B32-35C4AFF39393}.Debug|x64.ActiveCfg = Debug|Any CPU
		{B04308AB-2B17-4774-9B32-35C4AFF39393}.Debug|x64.Build.0 = Debug|Any CPU
		{B04308AB-2B17-4774-9B32-35C4AFF39393}.Debug|x86.ActiveCfg = Debug|Any CPU
		{B04308AB-2B17-4774-9B32-35C4AFF39393}.Debug|x86.Build.0 = Debug|Any CPU
		{B04308AB-2B17-4774-9B32-35C4AFF39393}.Release|Any CPU.ActiveCfg = Release|Any CPU
		{B04308AB-2B17-4774-9B32-35C4AFF39393}.Release|Any CPU.Build.0 = Release|Any CPU
		{B04308AB-2B17-4774-9B32-35C4AFF39393}.Release|x64.ActiveCfg = Release|Any CPU
		{B04308AB-2B17-4774-9B32-35C4AFF39393}.Release|x64.Build.0 = Release|Any CPU
		{B04308AB-2B17-4774-9B32-35C4AFF39393}.Release|x86.ActiveCfg = Release|Any CPU
		{B04308AB-2B17-4774-9B32-35C4AFF39393}.Release|x86.Build.0 = Release|Any CPU
		{2DFD2363-6ED0-4C5A-8414-DE90217381F1}.Debug|Any CPU.ActiveCfg = Debug|Any CPU
		{2DFD2363-6ED0-4C5A-8414-DE90217381F1}.Debug|Any CPU.Build.0 = Debug|Any CPU
		{2DFD2363-6ED0-4C5A-8414-DE90217381F1}.Debug|x64.ActiveCfg = Debug|Any CPU
		{2DFD2363-6ED0-4C5A-8414-DE90217381F1}.Debug|x64.Build.0 = Debug|Any CPU
		{2DFD2363-6ED0-4C5A-8414-DE90217381F1}.Debug|x86.ActiveCfg = Debug|Any CPU
		{2DFD2363-6ED0-4C5A-8414-DE90217381F1}.Debug|x86.Build.0 = Debug|Any CPU
		{2DFD2363-6ED0-4C5A-8414-DE90217381F1}.Release|Any CPU.ActiveCfg = Release|Any CPU
		{2DFD2363-6ED0-4C5A-8414-DE90217381F1}.Release|Any CPU.Build.0 = Release|Any CPU
		{2DFD2363-6ED0-4C5A-8414-DE90217381F1}.Release|x64.ActiveCfg = Release|Any CPU
		{2DFD2363-6ED0-4C5A-8414-DE90217381F1}.Release|x64.Build.0 = Release|Any CPU
		{2DFD2363-6ED0-4C5A-8414-DE90217381F1}.Release|x86.ActiveCfg = Release|Any CPU
		{2DFD2363-6ED0-4C5A-8414-DE90217381F1}.Release|x86.Build.0 = Release|Any CPU
		{828C91C0-245E-486A-831A-B86594BA9860}.Debug|Any CPU.ActiveCfg = Debug|Any CPU
		{828C91C0-245E-486A-831A-B86594BA9860}.Debug|Any CPU.Build.0 = Debug|Any CPU
		{828C91C0-245E-486A-831A-B86594BA9860}.Debug|x64.ActiveCfg = Debug|Any CPU
		{828C91C0-245E-486A-831A-B86594BA9860}.Debug|x64.Build.0 = Debug|Any CPU
		{828C91C0-245E-486A-831A-B86594BA9860}.Debug|x86.ActiveCfg = Debug|Any CPU
		{828C91C0-245E-486A-831A-B86594BA9860}.Debug|x86.Build.0 = Debug|Any CPU
		{828C91C0-245E-486A-831A-B86594BA9860}.Release|Any CPU.ActiveCfg = Release|Any CPU
		{828C91C0-245E-486A-831A-B86594BA9860}.Release|Any CPU.Build.0 = Release|Any CPU
		{828C91C0-245E-486A-831A-B86594BA9860}.Release|x64.ActiveCfg = Release|Any CPU
		{828C91C0-245E-486A-831A-B86594BA9860}.Release|x64.Build.0 = Release|Any CPU
		{828C91C0-245E-486A-831A-B86594BA9860}.Release|x86.ActiveCfg = Release|Any CPU
		{828C91C0-245E-486A-831A-B86594BA9860}.Release|x86.Build.0 = Release|Any CPU
		{1740B6EE-B435-4B27-A171-B9DFC76D56E7}.Debug|Any CPU.ActiveCfg = Debug|Any CPU
		{1740B6EE-B435-4B27-A171-B9DFC76D56E7}.Debug|Any CPU.Build.0 = Debug|Any CPU
		{1740B6EE-B435-4B27-A171-B9DFC76D56E7}.Debug|x64.ActiveCfg = Debug|Any CPU
		{1740B6EE-B435-4B27-A171-B9DFC76D56E7}.Debug|x64.Build.0 = Debug|Any CPU
		{1740B6EE-B435-4B27-A171-B9DFC76D56E7}.Debug|x86.ActiveCfg = Debug|Any CPU
		{1740B6EE-B435-4B27-A171-B9DFC76D56E7}.Debug|x86.Build.0 = Debug|Any CPU
		{1740B6EE-B435-4B27-A171-B9DFC76D56E7}.Release|Any CPU.ActiveCfg = Release|Any CPU
		{1740B6EE-B435-4B27-A171-B9DFC76D56E7}.Release|Any CPU.Build.0 = Release|Any CPU
		{1740B6EE-B435-4B27-A171-B9DFC76D56E7}.Release|x64.ActiveCfg = Release|Any CPU
		{1740B6EE-B435-4B27-A171-B9DFC76D56E7}.Release|x64.Build.0 = Release|Any CPU
		{1740B6EE-B435-4B27-A171-B9DFC76D56E7}.Release|x86.ActiveCfg = Release|Any CPU
		{1740B6EE-B435-4B27-A171-B9DFC76D56E7}.Release|x86.Build.0 = Release|Any CPU
	EndGlobalSection
	GlobalSection(SolutionProperties) = preSolution
		HideSolutionNode = FALSE
	EndGlobalSection
EndGlobal
